// !$*UTF8*$!
{
	archiveVersion = 1;
	classes = {
	};
	objectVersion = 51;
	objects = {

/* Begin PBXBuildFile section */
		3D1081AF9586B1DBFE8EE4B0 /* Pods_Messenger.framework in Frameworks */ = {isa = PBXBuildFile; fileRef = D44ADA25BBFA35A150097EF1 /* Pods_Messenger.framework */; };
		EA13CB1A26D0499200C62C15 /* AppDelegate.swift in Sources */ = {isa = PBXBuildFile; fileRef = EA13CB1926D0499200C62C15 /* AppDelegate.swift */; };
		EA13CB1C26D0499200C62C15 /* SceneDelegate.swift in Sources */ = {isa = PBXBuildFile; fileRef = EA13CB1B26D0499200C62C15 /* SceneDelegate.swift */; };
		EA13CB1E26D0499200C62C15 /* ConverstaionsViewController.swift in Sources */ = {isa = PBXBuildFile; fileRef = EA13CB1D26D0499200C62C15 /* ConverstaionsViewController.swift */; };
		EA13CB2126D0499200C62C15 /* Main.storyboard in Resources */ = {isa = PBXBuildFile; fileRef = EA13CB1F26D0499200C62C15 /* Main.storyboard */; };
		EA13CB2326D0499300C62C15 /* Assets.xcassets in Resources */ = {isa = PBXBuildFile; fileRef = EA13CB2226D0499300C62C15 /* Assets.xcassets */; };
		EA13CB2626D0499300C62C15 /* LaunchScreen.storyboard in Resources */ = {isa = PBXBuildFile; fileRef = EA13CB2426D0499300C62C15 /* LaunchScreen.storyboard */; };
		EA13CB3426D04BBD00C62C15 /* LoginViewController.swift in Sources */ = {isa = PBXBuildFile; fileRef = EA13CB3326D04BBD00C62C15 /* LoginViewController.swift */; };
		EA13CB3626D04BCC00C62C15 /* RegisterViewController.swift in Sources */ = {isa = PBXBuildFile; fileRef = EA13CB3526D04BCC00C62C15 /* RegisterViewController.swift */; };
		EA13CB3826D04BEA00C62C15 /* PhotoViewerViewController.swift in Sources */ = {isa = PBXBuildFile; fileRef = EA13CB3726D04BEA00C62C15 /* PhotoViewerViewController.swift */; };
		EA13CB3A26D04BF500C62C15 /* VideoViewerViewController.swift in Sources */ = {isa = PBXBuildFile; fileRef = EA13CB3926D04BF500C62C15 /* VideoViewerViewController.swift */; };
		EA13CB3C26D04C1700C62C15 /* NewConversationViewController.swift in Sources */ = {isa = PBXBuildFile; fileRef = EA13CB3B26D04C1700C62C15 /* NewConversationViewController.swift */; };
		EA13CB3E26D04C2500C62C15 /* ProfileViewController.swift in Sources */ = {isa = PBXBuildFile; fileRef = EA13CB3D26D04C2500C62C15 /* ProfileViewController.swift */; };
		EA13CB4126D04F5F00C62C15 /* Extensions.swift in Sources */ = {isa = PBXBuildFile; fileRef = EA13CB4026D04F5F00C62C15 /* Extensions.swift */; };
		EA13CB4526D05D4D00C62C15 /* GoogleService-Info.plist in Resources */ = {isa = PBXBuildFile; fileRef = EA13CB4426D05D4D00C62C15 /* GoogleService-Info.plist */; };
		EAAFED9426D130020076E950 /* ChatViewController.swift in Sources */ = {isa = PBXBuildFile; fileRef = EAAFED9326D130020076E950 /* ChatViewController.swift */; };
		EAC30EDB26D0C97600501BFE /* DatabaseManager.swift in Sources */ = {isa = PBXBuildFile; fileRef = EAC30EDA26D0C97600501BFE /* DatabaseManager.swift */; };
/* End PBXBuildFile section */

/* Begin PBXFileReference section */
		736DB3B480D8F759A9C35A9A /* Pods-Messenger.debug.xcconfig */ = {isa = PBXFileReference; includeInIndex = 1; lastKnownFileType = text.xcconfig; name = "Pods-Messenger.debug.xcconfig"; path = "Target Support Files/Pods-Messenger/Pods-Messenger.debug.xcconfig"; sourceTree = "<group>"; };
		D44ADA25BBFA35A150097EF1 /* Pods_Messenger.framework */ = {isa = PBXFileReference; explicitFileType = wrapper.framework; includeInIndex = 0; path = Pods_Messenger.framework; sourceTree = BUILT_PRODUCTS_DIR; };
		E4D4816AD0F3BECB45A7BC3E /* Pods-Messenger.release.xcconfig */ = {isa = PBXFileReference; includeInIndex = 1; lastKnownFileType = text.xcconfig; name = "Pods-Messenger.release.xcconfig"; path = "Target Support Files/Pods-Messenger/Pods-Messenger.release.xcconfig"; sourceTree = "<group>"; };
		EA13CB1626D0499200C62C15 /* Messenger.app */ = {isa = PBXFileReference; explicitFileType = wrapper.application; includeInIndex = 0; path = Messenger.app; sourceTree = BUILT_PRODUCTS_DIR; };
		EA13CB1926D0499200C62C15 /* AppDelegate.swift */ = {isa = PBXFileReference; lastKnownFileType = sourcecode.swift; path = AppDelegate.swift; sourceTree = "<group>"; };
		EA13CB1B26D0499200C62C15 /* SceneDelegate.swift */ = {isa = PBXFileReference; lastKnownFileType = sourcecode.swift; path = SceneDelegate.swift; sourceTree = "<group>"; };
		EA13CB1D26D0499200C62C15 /* ConverstaionsViewController.swift */ = {isa = PBXFileReference; lastKnownFileType = sourcecode.swift; path = ConverstaionsViewController.swift; sourceTree = "<group>"; };
		EA13CB2026D0499200C62C15 /* Base */ = {isa = PBXFileReference; lastKnownFileType = file.storyboard; name = Base; path = Base.lproj/Main.storyboard; sourceTree = "<group>"; };
		EA13CB2226D0499300C62C15 /* Assets.xcassets */ = {isa = PBXFileReference; lastKnownFileType = folder.assetcatalog; path = Assets.xcassets; sourceTree = "<group>"; };
		EA13CB2526D0499300C62C15 /* Base */ = {isa = PBXFileReference; lastKnownFileType = file.storyboard; name = Base; path = Base.lproj/LaunchScreen.storyboard; sourceTree = "<group>"; };
		EA13CB2726D0499300C62C15 /* Info.plist */ = {isa = PBXFileReference; lastKnownFileType = text.plist.xml; path = Info.plist; sourceTree = "<group>"; };
		EA13CB3326D04BBD00C62C15 /* LoginViewController.swift */ = {isa = PBXFileReference; lastKnownFileType = sourcecode.swift; path = LoginViewController.swift; sourceTree = "<group>"; };
		EA13CB3526D04BCC00C62C15 /* RegisterViewController.swift */ = {isa = PBXFileReference; lastKnownFileType = sourcecode.swift; path = RegisterViewController.swift; sourceTree = "<group>"; };
		EA13CB3726D04BEA00C62C15 /* PhotoViewerViewController.swift */ = {isa = PBXFileReference; lastKnownFileType = sourcecode.swift; path = PhotoViewerViewController.swift; sourceTree = "<group>"; };
		EA13CB3926D04BF500C62C15 /* VideoViewerViewController.swift */ = {isa = PBXFileReference; lastKnownFileType = sourcecode.swift; path = VideoViewerViewController.swift; sourceTree = "<group>"; };
		EA13CB3B26D04C1700C62C15 /* NewConversationViewController.swift */ = {isa = PBXFileReference; lastKnownFileType = sourcecode.swift; path = NewConversationViewController.swift; sourceTree = "<group>"; };
		EA13CB3D26D04C2500C62C15 /* ProfileViewController.swift */ = {isa = PBXFileReference; lastKnownFileType = sourcecode.swift; path = ProfileViewController.swift; sourceTree = "<group>"; };
		EA13CB4026D04F5F00C62C15 /* Extensions.swift */ = {isa = PBXFileReference; lastKnownFileType = sourcecode.swift; path = Extensions.swift; sourceTree = "<group>"; };
		EA13CB4426D05D4D00C62C15 /* GoogleService-Info.plist */ = {isa = PBXFileReference; fileEncoding = 4; lastKnownFileType = text.plist.xml; path = "GoogleService-Info.plist"; sourceTree = "<group>"; };
		EAAFED9326D130020076E950 /* ChatViewController.swift */ = {isa = PBXFileReference; lastKnownFileType = sourcecode.swift; path = ChatViewController.swift; sourceTree = "<group>"; };
		EAC30EDA26D0C97600501BFE /* DatabaseManager.swift */ = {isa = PBXFileReference; lastKnownFileType = sourcecode.swift; path = DatabaseManager.swift; sourceTree = "<group>"; };
/* End PBXFileReference section */

/* Begin PBXFrameworksBuildPhase section */
		EA13CB1326D0499200C62C15 /* Frameworks */ = {
			isa = PBXFrameworksBuildPhase;
			buildActionMask = 2147483647;
			files = (
				3D1081AF9586B1DBFE8EE4B0 /* Pods_Messenger.framework in Frameworks */,
			);
			runOnlyForDeploymentPostprocessing = 0;
		};
/* End PBXFrameworksBuildPhase section */

/* Begin PBXGroup section */
		6C8123CA32205A8641ADA2AE /* Pods */ = {
			isa = PBXGroup;
			children = (
				736DB3B480D8F759A9C35A9A /* Pods-Messenger.debug.xcconfig */,
				E4D4816AD0F3BECB45A7BC3E /* Pods-Messenger.release.xcconfig */,
			);
			path = Pods;
			sourceTree = "<group>";
		};
		EA13CB0D26D0499200C62C15 = {
			isa = PBXGroup;
			children = (
				EA13CB1826D0499200C62C15 /* Messenger */,
				EA13CB1726D0499200C62C15 /* Products */,
				6C8123CA32205A8641ADA2AE /* Pods */,
				F4BC0EA3AC0A02422648AC51 /* Frameworks */,
			);
			sourceTree = "<group>";
		};
		EA13CB1726D0499200C62C15 /* Products */ = {
			isa = PBXGroup;
			children = (
				EA13CB1626D0499200C62C15 /* Messenger.app */,
			);
			name = Products;
			sourceTree = "<group>";
		};
		EA13CB1826D0499200C62C15 /* Messenger */ = {
			isa = PBXGroup;
			children = (
				EA13CB4426D05D4D00C62C15 /* GoogleService-Info.plist */,
				EA13CB3126D04ADA00C62C15 /* Resources */,
				EA13CB3026D04AD500C62C15 /* ViewModels */,
				EA13CB2F26D04AD100C62C15 /* Models */,
				EA13CB2E26D04ACD00C62C15 /* Views */,
				EA13CB2D26D04AC800C62C15 /* Controllers */,
				EA13CB2726D0499300C62C15 /* Info.plist */,
			);
			path = Messenger;
			sourceTree = "<group>";
		};
		EA13CB2D26D04AC800C62C15 /* Controllers */ = {
			isa = PBXGroup;
			children = (
				EA13CB3F26D04CE400C62C15 /* Login */,
				EA13CB1D26D0499200C62C15 /* ConverstaionsViewController.swift */,
				EA13CB3726D04BEA00C62C15 /* PhotoViewerViewController.swift */,
				EA13CB3926D04BF500C62C15 /* VideoViewerViewController.swift */,
				EA13CB3B26D04C1700C62C15 /* NewConversationViewController.swift */,
				EA13CB3D26D04C2500C62C15 /* ProfileViewController.swift */,
				EAAFED9326D130020076E950 /* ChatViewController.swift */,
			);
			path = Controllers;
			sourceTree = "<group>";
		};
		EA13CB2E26D04ACD00C62C15 /* Views */ = {
			isa = PBXGroup;
			children = (
				EA13CB3226D04AF900C62C15 /* Storyboards */,
				EA13CB2226D0499300C62C15 /* Assets.xcassets */,
			);
			path = Views;
			sourceTree = "<group>";
		};
		EA13CB2F26D04AD100C62C15 /* Models */ = {
			isa = PBXGroup;
			children = (
			);
			path = Models;
			sourceTree = "<group>";
		};
		EA13CB3026D04AD500C62C15 /* ViewModels */ = {
			isa = PBXGroup;
			children = (
			);
			path = ViewModels;
			sourceTree = "<group>";
		};
		EA13CB3126D04ADA00C62C15 /* Resources */ = {
			isa = PBXGroup;
			children = (
				EA13CB1926D0499200C62C15 /* AppDelegate.swift */,
				EA13CB1B26D0499200C62C15 /* SceneDelegate.swift */,
				EA13CB4026D04F5F00C62C15 /* Extensions.swift */,
				EAC30EDA26D0C97600501BFE /* DatabaseManager.swift */,
			);
			path = Resources;
			sourceTree = "<group>";
		};
		EA13CB3226D04AF900C62C15 /* Storyboards */ = {
			isa = PBXGroup;
			children = (
				EA13CB1F26D0499200C62C15 /* Main.storyboard */,
				EA13CB2426D0499300C62C15 /* LaunchScreen.storyboard */,
			);
			path = Storyboards;
			sourceTree = "<group>";
		};
		EA13CB3F26D04CE400C62C15 /* Login */ = {
			isa = PBXGroup;
			children = (
				EA13CB3326D04BBD00C62C15 /* LoginViewController.swift */,
				EA13CB3526D04BCC00C62C15 /* RegisterViewController.swift */,
			);
			path = Login;
			sourceTree = "<group>";
		};
		F4BC0EA3AC0A02422648AC51 /* Frameworks */ = {
			isa = PBXGroup;
			children = (
				D44ADA25BBFA35A150097EF1 /* Pods_Messenger.framework */,
			);
			name = Frameworks;
			sourceTree = "<group>";
		};
/* End PBXGroup section */

/* Begin PBXNativeTarget section */
		EA13CB1526D0499200C62C15 /* Messenger */ = {
			isa = PBXNativeTarget;
			buildConfigurationList = EA13CB2A26D0499300C62C15 /* Build configuration list for PBXNativeTarget "Messenger" */;
			buildPhases = (
				7A303FE83682423BD3848A71 /* [CP] Check Pods Manifest.lock */,
				EA13CB1226D0499200C62C15 /* Sources */,
				EA13CB1326D0499200C62C15 /* Frameworks */,
				EA13CB1426D0499200C62C15 /* Resources */,
				68E4EC7D43E2A64573424162 /* [CP] Embed Pods Frameworks */,
				272FC93ABAFD0D86C80DC4EF /* [CP] Copy Pods Resources */,
			);
			buildRules = (
			);
			dependencies = (
			);
			name = Messenger;
			productName = Messenger;
			productReference = EA13CB1626D0499200C62C15 /* Messenger.app */;
			productType = "com.apple.product-type.application";
		};
/* End PBXNativeTarget section */

/* Begin PBXProject section */
		EA13CB0E26D0499200C62C15 /* Project object */ = {
			isa = PBXProject;
			attributes = {
				LastSwiftUpdateCheck = 1250;
				LastUpgradeCheck = 1250;
				TargetAttributes = {
					EA13CB1526D0499200C62C15 = {
						CreatedOnToolsVersion = 12.5.1;
					};
				};
			};
			buildConfigurationList = EA13CB1126D0499200C62C15 /* Build configuration list for PBXProject "Messenger" */;
			compatibilityVersion = "Xcode 9.3";
			developmentRegion = en;
			hasScannedForEncodings = 0;
			knownRegions = (
				en,
				Base,
			);
			mainGroup = EA13CB0D26D0499200C62C15;
			productRefGroup = EA13CB1726D0499200C62C15 /* Products */;
			projectDirPath = "";
			projectRoot = "";
			targets = (
				EA13CB1526D0499200C62C15 /* Messenger */,
			);
		};
/* End PBXProject section */

/* Begin PBXResourcesBuildPhase section */
		EA13CB1426D0499200C62C15 /* Resources */ = {
			isa = PBXResourcesBuildPhase;
			buildActionMask = 2147483647;
			files = (
				EA13CB2626D0499300C62C15 /* LaunchScreen.storyboard in Resources */,
				EA13CB4526D05D4D00C62C15 /* GoogleService-Info.plist in Resources */,
				EA13CB2326D0499300C62C15 /* Assets.xcassets in Resources */,
				EA13CB2126D0499200C62C15 /* Main.storyboard in Resources */,
			);
			runOnlyForDeploymentPostprocessing = 0;
		};
/* End PBXResourcesBuildPhase section */

/* Begin PBXShellScriptBuildPhase section */
		272FC93ABAFD0D86C80DC4EF /* [CP] Copy Pods Resources */ = {
			isa = PBXShellScriptBuildPhase;
			buildActionMask = 2147483647;
			files = (
			);
			inputFileListPaths = (
				"${PODS_ROOT}/Target Support Files/Pods-Messenger/Pods-Messenger-resources-${CONFIGURATION}-input-files.xcfilelist",
			);
			name = "[CP] Copy Pods Resources";
			outputFileListPaths = (
				"${PODS_ROOT}/Target Support Files/Pods-Messenger/Pods-Messenger-resources-${CONFIGURATION}-output-files.xcfilelist",
			);
			runOnlyForDeploymentPostprocessing = 0;
			shellPath = /bin/sh;
			shellScript = "\"${PODS_ROOT}/Target Support Files/Pods-Messenger/Pods-Messenger-resources.sh\"\n";
			showEnvVarsInLog = 0;
		};
		68E4EC7D43E2A64573424162 /* [CP] Embed Pods Frameworks */ = {
			isa = PBXShellScriptBuildPhase;
			buildActionMask = 2147483647;
			files = (
			);
			inputFileListPaths = (
				"${PODS_ROOT}/Target Support Files/Pods-Messenger/Pods-Messenger-frameworks-${CONFIGURATION}-input-files.xcfilelist",
			);
			name = "[CP] Embed Pods Frameworks";
			outputFileListPaths = (
				"${PODS_ROOT}/Target Support Files/Pods-Messenger/Pods-Messenger-frameworks-${CONFIGURATION}-output-files.xcfilelist",
			);
			runOnlyForDeploymentPostprocessing = 0;
			shellPath = /bin/sh;
			shellScript = "\"${PODS_ROOT}/Target Support Files/Pods-Messenger/Pods-Messenger-frameworks.sh\"\n";
			showEnvVarsInLog = 0;
		};
		7A303FE83682423BD3848A71 /* [CP] Check Pods Manifest.lock */ = {
			isa = PBXShellScriptBuildPhase;
			buildActionMask = 2147483647;
			files = (
			);
			inputFileListPaths = (
			);
			inputPaths = (
				"${PODS_PODFILE_DIR_PATH}/Podfile.lock",
				"${PODS_ROOT}/Manifest.lock",
			);
			name = "[CP] Check Pods Manifest.lock";
			outputFileListPaths = (
			);
			outputPaths = (
				"$(DERIVED_FILE_DIR)/Pods-Messenger-checkManifestLockResult.txt",
			);
			runOnlyForDeploymentPostprocessing = 0;
			shellPath = /bin/sh;
			shellScript = "diff \"${PODS_PODFILE_DIR_PATH}/Podfile.lock\" \"${PODS_ROOT}/Manifest.lock\" > /dev/null\nif [ $? != 0 ] ; then\n    # print error to STDERR\n    echo \"error: The sandbox is not in sync with the Podfile.lock. Run 'pod install' or update your CocoaPods installation.\" >&2\n    exit 1\nfi\n# This output is used by Xcode 'outputs' to avoid re-running this script phase.\necho \"SUCCESS\" > \"${SCRIPT_OUTPUT_FILE_0}\"\n";
			showEnvVarsInLog = 0;
		};
/* End PBXShellScriptBuildPhase section */

/* Begin PBXSourcesBuildPhase section */
		EA13CB1226D0499200C62C15 /* Sources */ = {
			isa = PBXSourcesBuildPhase;
			buildActionMask = 2147483647;
			files = (
				EA13CB3426D04BBD00C62C15 /* LoginViewController.swift in Sources */,
				EAC30EDB26D0C97600501BFE /* DatabaseManager.swift in Sources */,
				EA13CB3A26D04BF500C62C15 /* VideoViewerViewController.swift in Sources */,
				EA13CB3C26D04C1700C62C15 /* NewConversationViewController.swift in Sources */,
				EA13CB3626D04BCC00C62C15 /* RegisterViewController.swift in Sources */,
				EA13CB1E26D0499200C62C15 /* ConverstaionsViewController.swift in Sources */,
				EA13CB4126D04F5F00C62C15 /* Extensions.swift in Sources */,
				EA13CB1A26D0499200C62C15 /* AppDelegate.swift in Sources */,
				EA13CB3E26D04C2500C62C15 /* ProfileViewController.swift in Sources */,
				EA13CB1C26D0499200C62C15 /* SceneDelegate.swift in Sources */,
				EAAFED9426D130020076E950 /* ChatViewController.swift in Sources */,
				EA13CB3826D04BEA00C62C15 /* PhotoViewerViewController.swift in Sources */,
			);
			runOnlyForDeploymentPostprocessing = 0;
		};
/* End PBXSourcesBuildPhase section */

/* Begin PBXVariantGroup section */
		EA13CB1F26D0499200C62C15 /* Main.storyboard */ = {
			isa = PBXVariantGroup;
			children = (
				EA13CB2026D0499200C62C15 /* Base */,
			);
			name = Main.storyboard;
			sourceTree = "<group>";
		};
		EA13CB2426D0499300C62C15 /* LaunchScreen.storyboard */ = {
			isa = PBXVariantGroup;
			children = (
				EA13CB2526D0499300C62C15 /* Base */,
			);
			name = LaunchScreen.storyboard;
			sourceTree = "<group>";
		};
/* End PBXVariantGroup section */

/* Begin XCBuildConfiguration section */
		EA13CB2826D0499300C62C15 /* Debug */ = {
			isa = XCBuildConfiguration;
			buildSettings = {
				ALWAYS_SEARCH_USER_PATHS = NO;
				CLANG_ANALYZER_NONNULL = YES;
				CLANG_ANALYZER_NUMBER_OBJECT_CONVERSION = YES_AGGRESSIVE;
				CLANG_CXX_LANGUAGE_STANDARD = "gnu++14";
				CLANG_CXX_LIBRARY = "libc++";
				CLANG_ENABLE_MODULES = YES;
				CLANG_ENABLE_OBJC_ARC = YES;
				CLANG_ENABLE_OBJC_WEAK = YES;
				CLANG_WARN_BLOCK_CAPTURE_AUTORELEASING = YES;
				CLANG_WARN_BOOL_CONVERSION = YES;
				CLANG_WARN_COMMA = YES;
				CLANG_WARN_CONSTANT_CONVERSION = YES;
				CLANG_WARN_DEPRECATED_OBJC_IMPLEMENTATIONS = YES;
				CLANG_WARN_DIRECT_OBJC_ISA_USAGE = YES_ERROR;
				CLANG_WARN_DOCUMENTATION_COMMENTS = YES;
				CLANG_WARN_EMPTY_BODY = YES;
				CLANG_WARN_ENUM_CONVERSION = YES;
				CLANG_WARN_INFINITE_RECURSION = YES;
				CLANG_WARN_INT_CONVERSION = YES;
				CLANG_WARN_NON_LITERAL_NULL_CONVERSION = YES;
				CLANG_WARN_OBJC_IMPLICIT_RETAIN_SELF = YES;
				CLANG_WARN_OBJC_LITERAL_CONVERSION = YES;
				CLANG_WARN_OBJC_ROOT_CLASS = YES_ERROR;
				CLANG_WARN_QUOTED_INCLUDE_IN_FRAMEWORK_HEADER = YES;
				CLANG_WARN_RANGE_LOOP_ANALYSIS = YES;
				CLANG_WARN_STRICT_PROTOTYPES = YES;
				CLANG_WARN_SUSPICIOUS_MOVE = YES;
				CLANG_WARN_UNGUARDED_AVAILABILITY = YES_AGGRESSIVE;
				CLANG_WARN_UNREACHABLE_CODE = YES;
				CLANG_WARN__DUPLICATE_METHOD_MATCH = YES;
				COPY_PHASE_STRIP = NO;
				DEBUG_INFORMATION_FORMAT = dwarf;
				ENABLE_STRICT_OBJC_MSGSEND = YES;
				ENABLE_TESTABILITY = YES;
				GCC_C_LANGUAGE_STANDARD = gnu11;
				GCC_DYNAMIC_NO_PIC = NO;
				GCC_NO_COMMON_BLOCKS = YES;
				GCC_OPTIMIZATION_LEVEL = 0;
				GCC_PREPROCESSOR_DEFINITIONS = (
					"DEBUG=1",
					"$(inherited)",
				);
				GCC_WARN_64_TO_32_BIT_CONVERSION = YES;
				GCC_WARN_ABOUT_RETURN_TYPE = YES_ERROR;
				GCC_WARN_UNDECLARED_SELECTOR = YES;
				GCC_WARN_UNINITIALIZED_AUTOS = YES_AGGRESSIVE;
				GCC_WARN_UNUSED_FUNCTION = YES;
				GCC_WARN_UNUSED_VARIABLE = YES;
				IPHONEOS_DEPLOYMENT_TARGET = 14.5;
				MTL_ENABLE_DEBUG_INFO = INCLUDE_SOURCE;
				MTL_FAST_MATH = YES;
				ONLY_ACTIVE_ARCH = YES;
				SDKROOT = iphoneos;
				SWIFT_ACTIVE_COMPILATION_CONDITIONS = DEBUG;
				SWIFT_OPTIMIZATION_LEVEL = "-Onone";
			};
			name = Debug;
		};
		EA13CB2926D0499300C62C15 /* Release */ = {
			isa = XCBuildConfiguration;
			buildSettings = {
				ALWAYS_SEARCH_USER_PATHS = NO;
				CLANG_ANALYZER_NONNULL = YES;
				CLANG_ANALYZER_NUMBER_OBJECT_CONVERSION = YES_AGGRESSIVE;
				CLANG_CXX_LANGUAGE_STANDARD = "gnu++14";
				CLANG_CXX_LIBRARY = "libc++";
				CLANG_ENABLE_MODULES = YES;
				CLANG_ENABLE_OBJC_ARC = YES;
				CLANG_ENABLE_OBJC_WEAK = YES;
				CLANG_WARN_BLOCK_CAPTURE_AUTORELEASING = YES;
				CLANG_WARN_BOOL_CONVERSION = YES;
				CLANG_WARN_COMMA = YES;
				CLANG_WARN_CONSTANT_CONVERSION = YES;
				CLANG_WARN_DEPRECATED_OBJC_IMPLEMENTATIONS = YES;
				CLANG_WARN_DIRECT_OBJC_ISA_USAGE = YES_ERROR;
				CLANG_WARN_DOCUMENTATION_COMMENTS = YES;
				CLANG_WARN_EMPTY_BODY = YES;
				CLANG_WARN_ENUM_CONVERSION = YES;
				CLANG_WARN_INFINITE_RECURSION = YES;
				CLANG_WARN_INT_CONVERSION = YES;
				CLANG_WARN_NON_LITERAL_NULL_CONVERSION = YES;
				CLANG_WARN_OBJC_IMPLICIT_RETAIN_SELF = YES;
				CLANG_WARN_OBJC_LITERAL_CONVERSION = YES;
				CLANG_WARN_OBJC_ROOT_CLASS = YES_ERROR;
				CLANG_WARN_QUOTED_INCLUDE_IN_FRAMEWORK_HEADER = YES;
				CLANG_WARN_RANGE_LOOP_ANALYSIS = YES;
				CLANG_WARN_STRICT_PROTOTYPES = YES;
				CLANG_WARN_SUSPICIOUS_MOVE = YES;
				CLANG_WARN_UNGUARDED_AVAILABILITY = YES_AGGRESSIVE;
				CLANG_WARN_UNREACHABLE_CODE = YES;
				CLANG_WARN__DUPLICATE_METHOD_MATCH = YES;
				COPY_PHASE_STRIP = NO;
				DEBUG_INFORMATION_FORMAT = "dwarf-with-dsym";
				ENABLE_NS_ASSERTIONS = NO;
				ENABLE_STRICT_OBJC_MSGSEND = YES;
				GCC_C_LANGUAGE_STANDARD = gnu11;
				GCC_NO_COMMON_BLOCKS = YES;
				GCC_WARN_64_TO_32_BIT_CONVERSION = YES;
				GCC_WARN_ABOUT_RETURN_TYPE = YES_ERROR;
				GCC_WARN_UNDECLARED_SELECTOR = YES;
				GCC_WARN_UNINITIALIZED_AUTOS = YES_AGGRESSIVE;
				GCC_WARN_UNUSED_FUNCTION = YES;
				GCC_WARN_UNUSED_VARIABLE = YES;
				IPHONEOS_DEPLOYMENT_TARGET = 14.5;
				MTL_ENABLE_DEBUG_INFO = NO;
				MTL_FAST_MATH = YES;
				SDKROOT = iphoneos;
				SWIFT_COMPILATION_MODE = wholemodule;
				SWIFT_OPTIMIZATION_LEVEL = "-O";
				VALIDATE_PRODUCT = YES;
			};
			name = Release;
		};
		EA13CB2B26D0499300C62C15 /* Debug */ = {
			isa = XCBuildConfiguration;
			baseConfigurationReference = 736DB3B480D8F759A9C35A9A /* Pods-Messenger.debug.xcconfig */;
			buildSettings = {
				ASSETCATALOG_COMPILER_APPICON_NAME = AppIcon;
				ASSETCATALOG_COMPILER_GLOBAL_ACCENT_COLOR_NAME = AccentColor;
				CODE_SIGN_STYLE = Automatic;
				DEVELOPMENT_TEAM = 92NGUT4BRA;
				INFOPLIST_FILE = Messenger/Info.plist;
				IPHONEOS_DEPLOYMENT_TARGET = 14.3;
				LD_RUNPATH_SEARCH_PATHS = (
					"$(inherited)",
					"@executable_path/Frameworks",
				);
				PRODUCT_BUNDLE_IDENTIFIER = kr.co.byunghak.Messenger;
				PRODUCT_NAME = "$(TARGET_NAME)";
				SWIFT_VERSION = 5.0;
				TARGETED_DEVICE_FAMILY = "1,2";
			};
			name = Debug;
		};
		EA13CB2C26D0499300C62C15 /* Release */ = {
			isa = XCBuildConfiguration;
			baseConfigurationReference = E4D4816AD0F3BECB45A7BC3E /* Pods-Messenger.release.xcconfig */;
			buildSettings = {
				ASSETCATALOG_COMPILER_APPICON_NAME = AppIcon;
				ASSETCATALOG_COMPILER_GLOBAL_ACCENT_COLOR_NAME = AccentColor;
				CODE_SIGN_STYLE = Automatic;
				DEVELOPMENT_TEAM = 92NGUT4BRA;
				INFOPLIST_FILE = Messenger/Info.plist;
				IPHONEOS_DEPLOYMENT_TARGET = 14.3;
				LD_RUNPATH_SEARCH_PATHS = (
					"$(inherited)",
					"@executable_path/Frameworks",
				);
				PRODUCT_BUNDLE_IDENTIFIER = kr.co.byunghak.Messenger;
				PRODUCT_NAME = "$(TARGET_NAME)";
				SWIFT_VERSION = 5.0;
				TARGETED_DEVICE_FAMILY = "1,2";
			};
			name = Release;
		};
/* End XCBuildConfiguration section */

/* Begin XCConfigurationList section */
		EA13CB1126D0499200C62C15 /* Build configuration list for PBXProject "Messenger" */ = {
			isa = XCConfigurationList;
			buildConfigurations = (
				EA13CB2826D0499300C62C15 /* Debug */,
				EA13CB2926D0499300C62C15 /* Release */,
			);
			defaultConfigurationIsVisible = 0;
			defaultConfigurationName = Release;
		};
		EA13CB2A26D0499300C62C15 /* Build configuration list for PBXNativeTarget "Messenger" */ = {
			isa = XCConfigurationList;
			buildConfigurations = (
				EA13CB2B26D0499300C62C15 /* Debug */,
				EA13CB2C26D0499300C62C15 /* Release */,
			);
			defaultConfigurationIsVisible = 0;
			defaultConfigurationName = Release;
		};
/* End XCConfigurationList section */
	};
	rootObject = EA13CB0E26D0499200C62C15 /* Project object */;
}
